
Microsoft Visual Studio Solution File, Format Version 12.00
# Visual Studio Version 17
VisualStudioVersion = 17.5.33318.248
MinimumVisualStudioVersion = 10.0.40219.1
Project("{FAE04EC0-301F-11D3-BF4B-00C04F79EFBC}") = "ResxFileExporter", "ResxFileExporter.csproj", "{9D37E8F3-5D4B-4827-8C39-E41C7D60BEEF}"
EndProject
Global
	GlobalSection(SolutionConfigurationPlatforms) = preSolution
		Debug|Any CPU = Debug|Any CPU
		Release|Any CPU = Release|Any CPU
	EndGlobalSection
	GlobalSection(ProjectConfigurationPlatforms) = postSolution
		{9D37E8F3-5D4B-4827-8C39-E41C7D60BEEF}.Debug|Any CPU.ActiveCfg = Debug|Any CPU
		{9D37E8F3-5D4B-4827-8C39-E41C7D60BEEF}.Debug|Any CPU.Build.0 = Debug|Any CPU
		{9D37E8F3-5D4B-4827-8C39-E41C7D60BEEF}.Release|Any CPU.ActiveCfg = Release|Any CPU
		{9D37E8F3-5D4B-4827-8C39-E41C7D60BEEF}.Release|Any CPU.Build.0 = Release|Any CPU
	EndGlobalSection
	GlobalSection(SolutionProperties) = preSolution
		HideSolutionNode = FALSE
	EndGlobalSection
	GlobalSection(ExtensibilityGlobals) = postSolution
		SolutionGuid = {D8005748-C750-4C4D-A8F4-4BFEC2164E70}
	EndGlobalSection
EndGlobal
